{
  "name": "astrid-workspace",
  "lockfileVersion": 3,
  "requires": true,
  "packages": {
    "": {
      "name": "astrid-workspace"
    },
    "../../banodoco-workspace/packages/timeline-ops": {
      "name": "@banodoco/timeline-ops",
      "version": "0.0.1",
      "extraneous": true,
      "dependencies": {
        "@banodoco/timeline-schema": "file:../timeline-schema"
      },
      "devDependencies": {
        "@types/node": "^20.14.0",
        "typescript": "^5.5.4"
      }
    },
    "../../banodoco-workspace/packages/timeline-schema": {
      "name": "@banodoco/timeline-schema",
      "version": "0.0.2",
      "extraneous": true,
      "devDependencies": {
        "@types/node": "20.14.0",
        "json-schema-to-typescript": "15.0.4",
        "typescript": "5.9.3"
      }
    }
  }
}
